
Microsoft Visual Studio Solution File, Format Version 12.00
# Visual Studio Version 17
VisualStudioVersion = 17.11.35208.52
MinimumVisualStudioVersion = 10.0.40219.1
Project("{FAE04EC0-301F-11D3-BF4B-00C04F79EFBC}") = "sample application", "sample application\sample application.csproj", "{B63A2057-6612-458E-A0C2-35934B1DDC32}"
EndProject
Global
	GlobalSection(SolutionConfigurationPlatforms) = preSolution
		Debug|Any CPU = Debug|Any CPU
		Release|Any CPU = Release|Any CPU
	EndGlobalSection
	GlobalSection(ProjectConfigurationPlatforms) = postSolution
		{B63A2057-6612-458E-A0C2-35934B1DDC32}.Debug|Any CPU.ActiveCfg = Debug|Any CPU
		{B63A2057-6612-458E-A0C2-35934B1DDC32}.Debug|Any CPU.Build.0 = Debug|Any CPU
		{B63A2057-6612-458E-A0C2-35934B1DDC32}.Release|Any CPU.ActiveCfg = Release|Any CPU
		{B63A2057-6612-458E-A0C2-35934B1DDC32}.Release|Any CPU.Build.0 = Release|Any CPU
	EndGlobalSection
	GlobalSection(SolutionProperties) = preSolution
		HideSolutionNode = FALSE
	EndGlobalSection
	GlobalSection(ExtensibilityGlobals) = postSolution
		SolutionGuid = {1740FD6E-BE9D-4325-BEFE-83596CC027A4}
	EndGlobalSection
EndGlobal
